
Microsoft Visual Studio Solution File, Format Version 12.00
# Visual Studio Version 17
VisualStudioVersion = 17.9.34728.123
MinimumVisualStudioVersion = 10.0.40219.1
Project("{FAE04EC0-301F-11D3-BF4B-00C04F79EFBC}") = "LearningHangfire", "LearningHangfire.csproj", "{B57E0C19-9A17-4400-8856-4603D5CB02DD}"
EndProject
Global
	GlobalSection(SolutionConfigurationPlatforms) = preSolution
		Debug|Any CPU = Debug|Any CPU
		Release|Any CPU = Release|Any CPU
	EndGlobalSection
	GlobalSection(ProjectConfigurationPlatforms) = postSolution
		{B57E0C19-9A17-4400-8856-4603D5CB02DD}.Debug|Any CPU.ActiveCfg = Debug|Any CPU
		{B57E0C19-9A17-4400-8856-4603D5CB02DD}.Debug|Any CPU.Build.0 = Debug|Any CPU
		{B57E0C19-9A17-4400-8856-4603D5CB02DD}.Release|Any CPU.ActiveCfg = Release|Any CPU
		{B57E0C19-9A17-4400-8856-4603D5CB02DD}.Release|Any CPU.Build.0 = Release|Any CPU
	EndGlobalSection
	GlobalSection(SolutionProperties) = preSolution
		HideSolutionNode = FALSE
	EndGlobalSection
	GlobalSection(ExtensibilityGlobals) = postSolution
		SolutionGuid = {DE8DD05E-E72B-4FFE-9A8F-EE4CAD882A69}
	EndGlobalSection
EndGlobal
